{
  "name": "highChart",
  "version": "1.0.0",
  "lockfileVersion": 1,
  "requires": true,
  "dependencies": {
    "highcharts": {
      "version": "6.0.1",
      "resolved": "https://registry.npmjs.org/highcharts/-/highcharts-6.0.1.tgz",
      "integrity": "sha1-LNj7nThtNZZqB8Goh0Ouv7FcEos="
    }
  }
}
